
Microsoft Visual Studio Solution File, Format Version 12.00
# Visual Studio 14
VisualStudioVersion = 14.0.25420.1
MinimumVisualStudioVersion = 10.0.40219.1
Project("{FAE04EC0-301F-11D3-BF4B-00C04F79EFBC}") = "Debugging 1", "Debugging\Debugging 1.csproj", "{F2E8114E-13DD-47E6-9BD7-23C80059742C}"
EndProject
Project("{FAE04EC0-301F-11D3-BF4B-00C04F79EFBC}") = "Debugging 2", "Debugging 2\Debugging 2.csproj", "{8098895E-C99F-422E-8E42-20B2E602F953}"
EndProject
Global
	GlobalSection(SolutionConfigurationPlatforms) = preSolution
		Debug|Any CPU = Debug|Any CPU
		Release|Any CPU = Release|Any CPU
	EndGlobalSection
	GlobalSection(ProjectConfigurationPlatforms) = postSolution
		{F2E8114E-13DD-47E6-9BD7-23C80059742C}.Debug|Any CPU.ActiveCfg = Debug|Any CPU
		{F2E8114E-13DD-47E6-9BD7-23C80059742C}.Debug|Any CPU.Build.0 = Debug|Any CPU
		{F2E8114E-13DD-47E6-9BD7-23C80059742C}.Release|Any CPU.ActiveCfg = Release|Any CPU
		{F2E8114E-13DD-47E6-9BD7-23C80059742C}.Release|Any CPU.Build.0 = Release|Any CPU
		{8098895E-C99F-422E-8E42-20B2E602F953}.Debug|Any CPU.ActiveCfg = Debug|Any CPU
		{8098895E-C99F-422E-8E42-20B2E602F953}.Debug|Any CPU.Build.0 = Debug|Any CPU
		{8098895E-C99F-422E-8E42-20B2E602F953}.Release|Any CPU.ActiveCfg = Release|Any CPU
		{8098895E-C99F-422E-8E42-20B2E602F953}.Release|Any CPU.Build.0 = Release|Any CPU
	EndGlobalSection
	GlobalSection(SolutionProperties) = preSolution
		HideSolutionNode = FALSE
	EndGlobalSection
EndGlobal
