
Microsoft Visual Studio Solution File, Format Version 12.00
# Visual Studio 15
VisualStudioVersion = 15.0.27703.2042
MinimumVisualStudioVersion = 10.0.40219.1
Project("{FAE04EC0-301F-11D3-BF4B-00C04F79EFBC}") = "HypothekendarlehenLaufzeit", "HypothekendarlehenLaufzeit\HypothekendarlehenLaufzeit.csproj", "{33D07031-230B-40FB-B806-8D59C054BE53}"
EndProject
Project("{FAE04EC0-301F-11D3-BF4B-00C04F79EFBC}") = "Hypothekendarlehen", "Hypothekendarlehen\Hypothekendarlehen.csproj", "{FCBFD48F-360B-4358-A270-92B6A0A80EA6}"
EndProject
Project("{FAE04EC0-301F-11D3-BF4B-00C04F79EFBC}") = "Adressbuch", "Adressbuch\Adressbuch.csproj", "{6FBECC12-5452-4448-BB0E-0A8F1F5ED37D}"
EndProject
Global
	GlobalSection(SolutionConfigurationPlatforms) = preSolution
		Debug|Any CPU = Debug|Any CPU
		Release|Any CPU = Release|Any CPU
	EndGlobalSection
	GlobalSection(ProjectConfigurationPlatforms) = postSolution
		{33D07031-230B-40FB-B806-8D59C054BE53}.Debug|Any CPU.ActiveCfg = Debug|Any CPU
		{33D07031-230B-40FB-B806-8D59C054BE53}.Debug|Any CPU.Build.0 = Debug|Any CPU
		{33D07031-230B-40FB-B806-8D59C054BE53}.Release|Any CPU.ActiveCfg = Release|Any CPU
		{33D07031-230B-40FB-B806-8D59C054BE53}.Release|Any CPU.Build.0 = Release|Any CPU
		{FCBFD48F-360B-4358-A270-92B6A0A80EA6}.Debug|Any CPU.ActiveCfg = Debug|Any CPU
		{FCBFD48F-360B-4358-A270-92B6A0A80EA6}.Debug|Any CPU.Build.0 = Debug|Any CPU
		{FCBFD48F-360B-4358-A270-92B6A0A80EA6}.Release|Any CPU.ActiveCfg = Release|Any CPU
		{FCBFD48F-360B-4358-A270-92B6A0A80EA6}.Release|Any CPU.Build.0 = Release|Any CPU
		{6FBECC12-5452-4448-BB0E-0A8F1F5ED37D}.Debug|Any CPU.ActiveCfg = Debug|Any CPU
		{6FBECC12-5452-4448-BB0E-0A8F1F5ED37D}.Debug|Any CPU.Build.0 = Debug|Any CPU
		{6FBECC12-5452-4448-BB0E-0A8F1F5ED37D}.Release|Any CPU.ActiveCfg = Release|Any CPU
		{6FBECC12-5452-4448-BB0E-0A8F1F5ED37D}.Release|Any CPU.Build.0 = Release|Any CPU
	EndGlobalSection
	GlobalSection(SolutionProperties) = preSolution
		HideSolutionNode = FALSE
	EndGlobalSection
	GlobalSection(ExtensibilityGlobals) = postSolution
		SolutionGuid = {68A33662-4E5B-4EFF-96C8-CB029393E4AA}
	EndGlobalSection
EndGlobal
